
Microsoft Visual Studio Solution File, Format Version 12.00
# Visual Studio Version 16
VisualStudioVersion = 16.0.30907.101
MinimumVisualStudioVersion = 10.0.40219.1
Project("{FAE04EC0-301F-11D3-BF4B-00C04F79EFBC}") = "TestFirstSprint2UnitTest", "TestFirstSprint2UnitTest\TestFirstSprint2UnitTest.csproj", "{FB3B8E89-B1A0-4805-92DE-15D7F43FC325}"
EndProject
Project("{FAE04EC0-301F-11D3-BF4B-00C04F79EFBC}") = "TestFirstSprint2", "TestFirstSprint2\TestFirstSprint2.csproj", "{5CB5F4DA-6669-4228-AF49-33472BA98BEA}"
EndProject
Global
	GlobalSection(SolutionConfigurationPlatforms) = preSolution
		Debug|Any CPU = Debug|Any CPU
		Release|Any CPU = Release|Any CPU
	EndGlobalSection
	GlobalSection(ProjectConfigurationPlatforms) = postSolution
		{FB3B8E89-B1A0-4805-92DE-15D7F43FC325}.Debug|Any CPU.ActiveCfg = Debug|Any CPU
		{FB3B8E89-B1A0-4805-92DE-15D7F43FC325}.Debug|Any CPU.Build.0 = Debug|Any CPU
		{FB3B8E89-B1A0-4805-92DE-15D7F43FC325}.Release|Any CPU.ActiveCfg = Release|Any CPU
		{FB3B8E89-B1A0-4805-92DE-15D7F43FC325}.Release|Any CPU.Build.0 = Release|Any CPU
		{5CB5F4DA-6669-4228-AF49-33472BA98BEA}.Debug|Any CPU.ActiveCfg = Debug|Any CPU
		{5CB5F4DA-6669-4228-AF49-33472BA98BEA}.Debug|Any CPU.Build.0 = Debug|Any CPU
		{5CB5F4DA-6669-4228-AF49-33472BA98BEA}.Release|Any CPU.ActiveCfg = Release|Any CPU
		{5CB5F4DA-6669-4228-AF49-33472BA98BEA}.Release|Any CPU.Build.0 = Release|Any CPU
	EndGlobalSection
	GlobalSection(SolutionProperties) = preSolution
		HideSolutionNode = FALSE
	EndGlobalSection
	GlobalSection(ExtensibilityGlobals) = postSolution
		SolutionGuid = {E88F21F3-3E0F-4487-84A2-DF4394F74009}
	EndGlobalSection
EndGlobal
